{
  "name": "www",
  "lockfileVersion": 2,
  "requires": true,
  "packages": {
    "": {
      "dependencies": {
        "requirejs": "^2.3.6",
        "ui-select": "^0.19.8"
      },
      "devDependencies": {
        "bs4-selectbox": "^1.0.16"
      }
    },
    "node_modules/bs4-selectbox": {
      "version": "1.0.16",
      "resolved": "https://registry.npmjs.org/bs4-selectbox/-/bs4-selectbox-1.0.16.tgz",
      "integrity": "sha512-YxiFH2Z4lvnQy2V6DxNUOmjkf6sPchVzqIQh9qEIKBI9ym726tW8t9jC0q0frNbOylptvhAsWNg7mgSua77UKg==",
      "dev": true
    },
    "node_modules/requirejs": {
      "version": "2.3.6",
      "resolved": "https://registry.npmjs.org/requirejs/-/requirejs-2.3.6.tgz",
      "integrity": "sha512-ipEzlWQe6RK3jkzikgCupiTbTvm4S0/CAU5GlgptkN5SO6F3u0UD0K18wy6ErDqiCyP4J4YYe1HuAShvsxePLg==",
      "bin": {
        "r_js": "bin/r.js",
        "r.js": "bin/r.js"
      },
      "engines": {
        "node": ">=0.4.0"
      }
    },
    "node_modules/ui-select": {
      "version": "0.19.8",
      "resolved": "https://registry.npmjs.org/ui-select/-/ui-select-0.19.8.tgz",
      "integrity": "sha512-NSHm75s46oGph4BWUSQ4mgAGdZs0/YTP5nNo0efuwHBCPtTlye8zLSSxi3P5r1jI/BD9bJ8ODXyYWPoJZTRImQ=="
    }
  },
  "dependencies": {
    "bs4-selectbox": {
      "version": "1.0.16",
      "resolved": "https://registry.npmjs.org/bs4-selectbox/-/bs4-selectbox-1.0.16.tgz",
      "integrity": "sha512-YxiFH2Z4lvnQy2V6DxNUOmjkf6sPchVzqIQh9qEIKBI9ym726tW8t9jC0q0frNbOylptvhAsWNg7mgSua77UKg==",
      "dev": true
    },
    "requirejs": {
      "version": "2.3.6",
      "resolved": "https://registry.npmjs.org/requirejs/-/requirejs-2.3.6.tgz",
      "integrity": "sha512-ipEzlWQe6RK3jkzikgCupiTbTvm4S0/CAU5GlgptkN5SO6F3u0UD0K18wy6ErDqiCyP4J4YYe1HuAShvsxePLg=="
    },
    "ui-select": {
      "version": "0.19.8",
      "resolved": "https://registry.npmjs.org/ui-select/-/ui-select-0.19.8.tgz",
      "integrity": "sha512-NSHm75s46oGph4BWUSQ4mgAGdZs0/YTP5nNo0efuwHBCPtTlye8zLSSxi3P5r1jI/BD9bJ8ODXyYWPoJZTRImQ=="
    }
  }
}
